
Microsoft Visual Studio Solution File, Format Version 12.00
# Visual Studio 2017
Project("{FAE04EC0-301F-11D3-BF4B-00C04F79EFBC}") = "besthack.Plugins", "besthack.Plugins.csproj", "{F892F7E0-84E4-40F9-CF56-5DB1FF3DB2F1}"
EndProject
Project("{FAE04EC0-301F-11D3-BF4B-00C04F79EFBC}") = "besthack", "besthack.csproj", "{206C3ED5-76E7-0AAA-1D56-53E29DFB581A}"
EndProject
Global
	GlobalSection(SolutionConfigurationPlatforms) = preSolution
		Debug|Any CPU = Debug|Any CPU
		Release|Any CPU = Release|Any CPU
	EndGlobalSection
	GlobalSection(ProjectConfigurationPlatforms) = postSolution
		{F892F7E0-84E4-40F9-CF56-5DB1FF3DB2F1}.Debug|Any CPU.ActiveCfg = Debug|Any CPU
		{F892F7E0-84E4-40F9-CF56-5DB1FF3DB2F1}.Debug|Any CPU.Build.0 = Debug|Any CPU
		{F892F7E0-84E4-40F9-CF56-5DB1FF3DB2F1}.Release|Any CPU.ActiveCfg = Release|Any CPU
		{F892F7E0-84E4-40F9-CF56-5DB1FF3DB2F1}.Release|Any CPU.Build.0 = Release|Any CPU
		{206C3ED5-76E7-0AAA-1D56-53E29DFB581A}.Debug|Any CPU.ActiveCfg = Debug|Any CPU
		{206C3ED5-76E7-0AAA-1D56-53E29DFB581A}.Debug|Any CPU.Build.0 = Debug|Any CPU
		{206C3ED5-76E7-0AAA-1D56-53E29DFB581A}.Release|Any CPU.ActiveCfg = Release|Any CPU
		{206C3ED5-76E7-0AAA-1D56-53E29DFB581A}.Release|Any CPU.Build.0 = Release|Any CPU
	EndGlobalSection
	GlobalSection(SolutionProperties) = preSolution
		HideSolutionNode = FALSE
	EndGlobalSection
EndGlobal
